
Microsoft Visual Studio Solution File, Format Version 12.00
# Visual Studio 15
VisualStudioVersion = 15.0.26430.14
MinimumVisualStudioVersion = 10.0.40219.1
Project("{FAE04EC0-301F-11D3-BF4B-00C04F79EFBC}") = "ecommerce", "ecommerce\ecommerce.csproj", "{21CB9055-8553-40BF-8114-E62455C0AA05}"
	ProjectSection(ProjectDependencies) = postProject
		{966C2CBA-DC89-4EA2-9E3C-1FC9DDA86113} = {966C2CBA-DC89-4EA2-9E3C-1FC9DDA86113}
	EndProjectSection
EndProject
Project("{FAE04EC0-301F-11D3-BF4B-00C04F79EFBC}") = "WebService", "WebService\WebService.csproj", "{966C2CBA-DC89-4EA2-9E3C-1FC9DDA86113}"
EndProject
Project("{FAE04EC0-301F-11D3-BF4B-00C04F79EFBC}") = "Model", "Contract\Model.csproj", "{64B4C8D1-9CB6-4FEC-9D45-EB3A53EB911F}"
EndProject
Project("{FAE04EC0-301F-11D3-BF4B-00C04F79EFBC}") = "Dashboard", "Dashboard\Dashboard.csproj", "{85C2599C-3BAA-4079-912B-FBBF1318E1D7}"
	ProjectSection(ProjectDependencies) = postProject
		{966C2CBA-DC89-4EA2-9E3C-1FC9DDA86113} = {966C2CBA-DC89-4EA2-9E3C-1FC9DDA86113}
	EndProjectSection
EndProject
Project("{FAE04EC0-301F-11D3-BF4B-00C04F79EFBC}") = "Repository", "Repository\Repository.csproj", "{61DEE609-4BEE-4FAC-96D5-468EE1139DD3}"
EndProject
Global
	GlobalSection(SolutionConfigurationPlatforms) = preSolution
		Debug|Any CPU = Debug|Any CPU
		Release|Any CPU = Release|Any CPU
	EndGlobalSection
	GlobalSection(ProjectConfigurationPlatforms) = postSolution
		{21CB9055-8553-40BF-8114-E62455C0AA05}.Debug|Any CPU.ActiveCfg = Debug|Any CPU
		{21CB9055-8553-40BF-8114-E62455C0AA05}.Debug|Any CPU.Build.0 = Debug|Any CPU
		{21CB9055-8553-40BF-8114-E62455C0AA05}.Release|Any CPU.ActiveCfg = Release|Any CPU
		{21CB9055-8553-40BF-8114-E62455C0AA05}.Release|Any CPU.Build.0 = Release|Any CPU
		{966C2CBA-DC89-4EA2-9E3C-1FC9DDA86113}.Debug|Any CPU.ActiveCfg = Debug|Any CPU
		{966C2CBA-DC89-4EA2-9E3C-1FC9DDA86113}.Debug|Any CPU.Build.0 = Debug|Any CPU
		{966C2CBA-DC89-4EA2-9E3C-1FC9DDA86113}.Release|Any CPU.ActiveCfg = Release|Any CPU
		{966C2CBA-DC89-4EA2-9E3C-1FC9DDA86113}.Release|Any CPU.Build.0 = Release|Any CPU
		{64B4C8D1-9CB6-4FEC-9D45-EB3A53EB911F}.Debug|Any CPU.ActiveCfg = Debug|Any CPU
		{64B4C8D1-9CB6-4FEC-9D45-EB3A53EB911F}.Debug|Any CPU.Build.0 = Debug|Any CPU
		{64B4C8D1-9CB6-4FEC-9D45-EB3A53EB911F}.Release|Any CPU.ActiveCfg = Release|Any CPU
		{64B4C8D1-9CB6-4FEC-9D45-EB3A53EB911F}.Release|Any CPU.Build.0 = Release|Any CPU
		{85C2599C-3BAA-4079-912B-FBBF1318E1D7}.Debug|Any CPU.ActiveCfg = Debug|Any CPU
		{85C2599C-3BAA-4079-912B-FBBF1318E1D7}.Debug|Any CPU.Build.0 = Debug|Any CPU
		{85C2599C-3BAA-4079-912B-FBBF1318E1D7}.Release|Any CPU.ActiveCfg = Release|Any CPU
		{85C2599C-3BAA-4079-912B-FBBF1318E1D7}.Release|Any CPU.Build.0 = Release|Any CPU
		{61DEE609-4BEE-4FAC-96D5-468EE1139DD3}.Debug|Any CPU.ActiveCfg = Debug|Any CPU
		{61DEE609-4BEE-4FAC-96D5-468EE1139DD3}.Debug|Any CPU.Build.0 = Debug|Any CPU
		{61DEE609-4BEE-4FAC-96D5-468EE1139DD3}.Release|Any CPU.ActiveCfg = Release|Any CPU
		{61DEE609-4BEE-4FAC-96D5-468EE1139DD3}.Release|Any CPU.Build.0 = Release|Any CPU
	EndGlobalSection
	GlobalSection(SolutionProperties) = preSolution
		HideSolutionNode = FALSE
	EndGlobalSection
EndGlobal
